// !$*UTF8*$!
{
	archiveVersion = 1;
	classes = {
	};
	objectVersion = 50;
	objects = {

/* Begin PBXBuildFile section */
		042E45871D0C5D2ADE3C935C /* Pods_BinDemo.framework in Frameworks */ = {isa = PBXBuildFile; fileRef = AC7799D5684DB20DE21B5FAE /* Pods_BinDemo.framework */; };
		627F4837944A4649F69F6E04 /* Pods_BinDemoTests.framework in Frameworks */ = {isa = PBXBuildFile; fileRef = 89FDB4E6EC670DE07DFD956D /* Pods_BinDemoTests.framework */; };
		8201D5A353FB67FDC369ED3B /* Pods_BinDemo_BinDemoUITests.framework in Frameworks */ = {isa = PBXBuildFile; fileRef = F594B1361823B6E9D31059B7 /* Pods_BinDemo_BinDemoUITests.framework */; };
		86B504E425CA8E7B0013CBC0 /* AppDelegate.m in Sources */ = {isa = PBXBuildFile; fileRef = 86B504E325CA8E7B0013CBC0 /* AppDelegate.m */; };
		86B504E725CA8E7B0013CBC0 /* SceneDelegate.m in Sources */ = {isa = PBXBuildFile; fileRef = 86B504E625CA8E7B0013CBC0 /* SceneDelegate.m */; };
		86B504EA25CA8E7B0013CBC0 /* ViewController.m in Sources */ = {isa = PBXBuildFile; fileRef = 86B504E925CA8E7B0013CBC0 /* ViewController.m */; };
		86B504ED25CA8E7B0013CBC0 /* Main.storyboard in Resources */ = {isa = PBXBuildFile; fileRef = 86B504EB25CA8E7B0013CBC0 /* Main.storyboard */; };
		86B504EF25CA8E7D0013CBC0 /* Assets.xcassets in Resources */ = {isa = PBXBuildFile; fileRef = 86B504EE25CA8E7D0013CBC0 /* Assets.xcassets */; };
		86B504F225CA8E7D0013CBC0 /* LaunchScreen.storyboard in Resources */ = {isa = PBXBuildFile; fileRef = 86B504F025CA8E7D0013CBC0 /* LaunchScreen.storyboard */; };
		86B504F525CA8E7D0013CBC0 /* main.m in Sources */ = {isa = PBXBuildFile; fileRef = 86B504F425CA8E7D0013CBC0 /* main.m */; };
		86B504FF25CA8E7E0013CBC0 /* BinDemoTests.m in Sources */ = {isa = PBXBuildFile; fileRef = 86B504FE25CA8E7E0013CBC0 /* BinDemoTests.m */; };
		86B5050A25CA8E7E0013CBC0 /* BinDemoUITests.m in Sources */ = {isa = PBXBuildFile; fileRef = 86B5050925CA8E7E0013CBC0 /* BinDemoUITests.m */; };
/* End PBXBuildFile section */

/* Begin PBXContainerItemProxy section */
		86B504FB25CA8E7E0013CBC0 /* PBXContainerItemProxy */ = {
			isa = PBXContainerItemProxy;
			containerPortal = 86B504D725CA8E7B0013CBC0 /* Project object */;
			proxyType = 1;
			remoteGlobalIDString = 86B504DE25CA8E7B0013CBC0;
			remoteInfo = BinDemo;
		};
		86B5050625CA8E7E0013CBC0 /* PBXContainerItemProxy */ = {
			isa = PBXContainerItemProxy;
			containerPortal = 86B504D725CA8E7B0013CBC0 /* Project object */;
			proxyType = 1;
			remoteGlobalIDString = 86B504DE25CA8E7B0013CBC0;
			remoteInfo = BinDemo;
		};
/* End PBXContainerItemProxy section */

/* Begin PBXFileReference section */
		1845336F3648F2FCBB4C0234 /* Pods-BinDemoTests.release.xcconfig */ = {isa = PBXFileReference; includeInIndex = 1; lastKnownFileType = text.xcconfig; name = "Pods-BinDemoTests.release.xcconfig"; path = "Target Support Files/Pods-BinDemoTests/Pods-BinDemoTests.release.xcconfig"; sourceTree = "<group>"; };
		683DADD1484CE8246BDE6470 /* Pods-BinDemo-BinDemoUITests.release.xcconfig */ = {isa = PBXFileReference; includeInIndex = 1; lastKnownFileType = text.xcconfig; name = "Pods-BinDemo-BinDemoUITests.release.xcconfig"; path = "Target Support Files/Pods-BinDemo-BinDemoUITests/Pods-BinDemo-BinDemoUITests.release.xcconfig"; sourceTree = "<group>"; };
		7F807D77681A9A63BD900720 /* Pods-BinDemo-BinDemoUITests.debug.xcconfig */ = {isa = PBXFileReference; includeInIndex = 1; lastKnownFileType = text.xcconfig; name = "Pods-BinDemo-BinDemoUITests.debug.xcconfig"; path = "Target Support Files/Pods-BinDemo-BinDemoUITests/Pods-BinDemo-BinDemoUITests.debug.xcconfig"; sourceTree = "<group>"; };
		86B504DF25CA8E7B0013CBC0 /* BinDemo.app */ = {isa = PBXFileReference; explicitFileType = wrapper.application; includeInIndex = 0; path = BinDemo.app; sourceTree = BUILT_PRODUCTS_DIR; };
		86B504E225CA8E7B0013CBC0 /* AppDelegate.h */ = {isa = PBXFileReference; lastKnownFileType = sourcecode.c.h; path = AppDelegate.h; sourceTree = "<group>"; };
		86B504E325CA8E7B0013CBC0 /* AppDelegate.m */ = {isa = PBXFileReference; lastKnownFileType = sourcecode.c.objc; path = AppDelegate.m; sourceTree = "<group>"; };
		86B504E525CA8E7B0013CBC0 /* SceneDelegate.h */ = {isa = PBXFileReference; lastKnownFileType = sourcecode.c.h; path = SceneDelegate.h; sourceTree = "<group>"; };
		86B504E625CA8E7B0013CBC0 /* SceneDelegate.m */ = {isa = PBXFileReference; lastKnownFileType = sourcecode.c.objc; path = SceneDelegate.m; sourceTree = "<group>"; };
		86B504E825CA8E7B0013CBC0 /* ViewController.h */ = {isa = PBXFileReference; lastKnownFileType = sourcecode.c.h; path = ViewController.h; sourceTree = "<group>"; };
		86B504E925CA8E7B0013CBC0 /* ViewController.m */ = {isa = PBXFileReference; lastKnownFileType = sourcecode.c.objc; path = ViewController.m; sourceTree = "<group>"; };
		86B504EC25CA8E7B0013CBC0 /* Base */ = {isa = PBXFileReference; lastKnownFileType = file.storyboard; name = Base; path = Base.lproj/Main.storyboard; sourceTree = "<group>"; };
		86B504EE25CA8E7D0013CBC0 /* Assets.xcassets */ = {isa = PBXFileReference; lastKnownFileType = folder.assetcatalog; path = Assets.xcassets; sourceTree = "<group>"; };
		86B504F125CA8E7D0013CBC0 /* Base */ = {isa = PBXFileReference; lastKnownFileType = file.storyboard; name = Base; path = Base.lproj/LaunchScreen.storyboard; sourceTree = "<group>"; };
		86B504F325CA8E7D0013CBC0 /* Info.plist */ = {isa = PBXFileReference; lastKnownFileType = text.plist.xml; path = Info.plist; sourceTree = "<group>"; };
		86B504F425CA8E7D0013CBC0 /* main.m */ = {isa = PBXFileReference; lastKnownFileType = sourcecode.c.objc; path = main.m; sourceTree = "<group>"; };
		86B504FA25CA8E7E0013CBC0 /* BinDemoTests.xctest */ = {isa = PBXFileReference; explicitFileType = wrapper.cfbundle; includeInIndex = 0; path = BinDemoTests.xctest; sourceTree = BUILT_PRODUCTS_DIR; };
		86B504FE25CA8E7E0013CBC0 /* BinDemoTests.m */ = {isa = PBXFileReference; lastKnownFileType = sourcecode.c.objc; path = BinDemoTests.m; sourceTree = "<group>"; };
		86B5050025CA8E7E0013CBC0 /* Info.plist */ = {isa = PBXFileReference; lastKnownFileType = text.plist.xml; path = Info.plist; sourceTree = "<group>"; };
		86B5050525CA8E7E0013CBC0 /* BinDemoUITests.xctest */ = {isa = PBXFileReference; explicitFileType = wrapper.cfbundle; includeInIndex = 0; path = BinDemoUITests.xctest; sourceTree = BUILT_PRODUCTS_DIR; };
		86B5050925CA8E7E0013CBC0 /* BinDemoUITests.m */ = {isa = PBXFileReference; lastKnownFileType = sourcecode.c.objc; path = BinDemoUITests.m; sourceTree = "<group>"; };
		86B5050B25CA8E7E0013CBC0 /* Info.plist */ = {isa = PBXFileReference; lastKnownFileType = text.plist.xml; path = Info.plist; sourceTree = "<group>"; };
		89FDB4E6EC670DE07DFD956D /* Pods_BinDemoTests.framework */ = {isa = PBXFileReference; explicitFileType = wrapper.framework; includeInIndex = 0; path = Pods_BinDemoTests.framework; sourceTree = BUILT_PRODUCTS_DIR; };
		92D52BF72EE75D2E0946480C /* Pods-BinDemo.release.xcconfig */ = {isa = PBXFileReference; includeInIndex = 1; lastKnownFileType = text.xcconfig; name = "Pods-BinDemo.release.xcconfig"; path = "Target Support Files/Pods-BinDemo/Pods-BinDemo.release.xcconfig"; sourceTree = "<group>"; };
		AC7799D5684DB20DE21B5FAE /* Pods_BinDemo.framework */ = {isa = PBXFileReference; explicitFileType = wrapper.framework; includeInIndex = 0; path = Pods_BinDemo.framework; sourceTree = BUILT_PRODUCTS_DIR; };
		D179DB2EB4EB74CF1D977B4D /* Pods-BinDemo.debug.xcconfig */ = {isa = PBXFileReference; includeInIndex = 1; lastKnownFileType = text.xcconfig; name = "Pods-BinDemo.debug.xcconfig"; path = "Target Support Files/Pods-BinDemo/Pods-BinDemo.debug.xcconfig"; sourceTree = "<group>"; };
		DEA02417103BEC3B2EE781C1 /* Pods-BinDemoTests.debug.xcconfig */ = {isa = PBXFileReference; includeInIndex = 1; lastKnownFileType = text.xcconfig; name = "Pods-BinDemoTests.debug.xcconfig"; path = "Target Support Files/Pods-BinDemoTests/Pods-BinDemoTests.debug.xcconfig"; sourceTree = "<group>"; };
		F594B1361823B6E9D31059B7 /* Pods_BinDemo_BinDemoUITests.framework */ = {isa = PBXFileReference; explicitFileType = wrapper.framework; includeInIndex = 0; path = Pods_BinDemo_BinDemoUITests.framework; sourceTree = BUILT_PRODUCTS_DIR; };
/* End PBXFileReference section */

/* Begin PBXFrameworksBuildPhase section */
		86B504DC25CA8E7B0013CBC0 /* Frameworks */ = {
			isa = PBXFrameworksBuildPhase;
			buildActionMask = 2147483647;
			files = (
				042E45871D0C5D2ADE3C935C /* Pods_BinDemo.framework in Frameworks */,
			);
			runOnlyForDeploymentPostprocessing = 0;
		};
		86B504F725CA8E7E0013CBC0 /* Frameworks */ = {
			isa = PBXFrameworksBuildPhase;
			buildActionMask = 2147483647;
			files = (
				627F4837944A4649F69F6E04 /* Pods_BinDemoTests.framework in Frameworks */,
			);
			runOnlyForDeploymentPostprocessing = 0;
		};
		86B5050225CA8E7E0013CBC0 /* Frameworks */ = {
			isa = PBXFrameworksBuildPhase;
			buildActionMask = 2147483647;
			files = (
				8201D5A353FB67FDC369ED3B /* Pods_BinDemo_BinDemoUITests.framework in Frameworks */,
			);
			runOnlyForDeploymentPostprocessing = 0;
		};
/* End PBXFrameworksBuildPhase section */

/* Begin PBXGroup section */
		2B2C1C29DC205327DCB1C43D /* Pods */ = {
			isa = PBXGroup;
			children = (
				D179DB2EB4EB74CF1D977B4D /* Pods-BinDemo.debug.xcconfig */,
				92D52BF72EE75D2E0946480C /* Pods-BinDemo.release.xcconfig */,
				7F807D77681A9A63BD900720 /* Pods-BinDemo-BinDemoUITests.debug.xcconfig */,
				683DADD1484CE8246BDE6470 /* Pods-BinDemo-BinDemoUITests.release.xcconfig */,
				DEA02417103BEC3B2EE781C1 /* Pods-BinDemoTests.debug.xcconfig */,
				1845336F3648F2FCBB4C0234 /* Pods-BinDemoTests.release.xcconfig */,
			);
			name = Pods;
			path = Pods;
			sourceTree = "<group>";
		};
		86B504D625CA8E7B0013CBC0 = {
			isa = PBXGroup;
			children = (
				86B504E125CA8E7B0013CBC0 /* BinDemo */,
				86B504FD25CA8E7E0013CBC0 /* BinDemoTests */,
				86B5050825CA8E7E0013CBC0 /* BinDemoUITests */,
				86B504E025CA8E7B0013CBC0 /* Products */,
				2B2C1C29DC205327DCB1C43D /* Pods */,
				E688512B0F7A17AA36DC954C /* Frameworks */,
			);
			sourceTree = "<group>";
		};
		86B504E025CA8E7B0013CBC0 /* Products */ = {
			isa = PBXGroup;
			children = (
				86B504DF25CA8E7B0013CBC0 /* BinDemo.app */,
				86B504FA25CA8E7E0013CBC0 /* BinDemoTests.xctest */,
				86B5050525CA8E7E0013CBC0 /* BinDemoUITests.xctest */,
			);
			name = Products;
			sourceTree = "<group>";
		};
		86B504E125CA8E7B0013CBC0 /* BinDemo */ = {
			isa = PBXGroup;
			children = (
				86B504E225CA8E7B0013CBC0 /* AppDelegate.h */,
				86B504E325CA8E7B0013CBC0 /* AppDelegate.m */,
				86B504E525CA8E7B0013CBC0 /* SceneDelegate.h */,
				86B504E625CA8E7B0013CBC0 /* SceneDelegate.m */,
				86B504E825CA8E7B0013CBC0 /* ViewController.h */,
				86B504E925CA8E7B0013CBC0 /* ViewController.m */,
				86B504EB25CA8E7B0013CBC0 /* Main.storyboard */,
				86B504EE25CA8E7D0013CBC0 /* Assets.xcassets */,
				86B504F025CA8E7D0013CBC0 /* LaunchScreen.storyboard */,
				86B504F325CA8E7D0013CBC0 /* Info.plist */,
				86B504F425CA8E7D0013CBC0 /* main.m */,
			);
			path = BinDemo;
			sourceTree = "<group>";
		};
		86B504FD25CA8E7E0013CBC0 /* BinDemoTests */ = {
			isa = PBXGroup;
			children = (
				86B504FE25CA8E7E0013CBC0 /* BinDemoTests.m */,
				86B5050025CA8E7E0013CBC0 /* Info.plist */,
			);
			path = BinDemoTests;
			sourceTree = "<group>";
		};
		86B5050825CA8E7E0013CBC0 /* BinDemoUITests */ = {
			isa = PBXGroup;
			children = (
				86B5050925CA8E7E0013CBC0 /* BinDemoUITests.m */,
				86B5050B25CA8E7E0013CBC0 /* Info.plist */,
			);
			path = BinDemoUITests;
			sourceTree = "<group>";
		};
		E688512B0F7A17AA36DC954C /* Frameworks */ = {
			isa = PBXGroup;
			children = (
				AC7799D5684DB20DE21B5FAE /* Pods_BinDemo.framework */,
				F594B1361823B6E9D31059B7 /* Pods_BinDemo_BinDemoUITests.framework */,
				89FDB4E6EC670DE07DFD956D /* Pods_BinDemoTests.framework */,
			);
			name = Frameworks;
			sourceTree = "<group>";
		};
/* End PBXGroup section */

/* Begin PBXNativeTarget section */
		86B504DE25CA8E7B0013CBC0 /* BinDemo */ = {
			isa = PBXNativeTarget;
			buildConfigurationList = 86B5050E25CA8E7E0013CBC0 /* Build configuration list for PBXNativeTarget "BinDemo" */;
			buildPhases = (
				49F7FD26B2A2A7D79F6A7AD7 /* [CP] Check Pods Manifest.lock */,
				86B504DB25CA8E7B0013CBC0 /* Sources */,
				86B504DC25CA8E7B0013CBC0 /* Frameworks */,
				86B504DD25CA8E7B0013CBC0 /* Resources */,
				DCE3A6DBD97CEBD065F0581E /* [CP] Embed Pods Frameworks */,
			);
			buildRules = (
			);
			dependencies = (
			);
			name = BinDemo;
			productName = BinDemo;
			productReference = 86B504DF25CA8E7B0013CBC0 /* BinDemo.app */;
			productType = "com.apple.product-type.application";
		};
		86B504F925CA8E7E0013CBC0 /* BinDemoTests */ = {
			isa = PBXNativeTarget;
			buildConfigurationList = 86B5051125CA8E7E0013CBC0 /* Build configuration list for PBXNativeTarget "BinDemoTests" */;
			buildPhases = (
				A2E51103EFD417ABDBD9C313 /* [CP] Check Pods Manifest.lock */,
				86B504F625CA8E7E0013CBC0 /* Sources */,
				86B504F725CA8E7E0013CBC0 /* Frameworks */,
				86B504F825CA8E7E0013CBC0 /* Resources */,
			);
			buildRules = (
			);
			dependencies = (
				86B504FC25CA8E7E0013CBC0 /* PBXTargetDependency */,
			);
			name = BinDemoTests;
			productName = BinDemoTests;
			productReference = 86B504FA25CA8E7E0013CBC0 /* BinDemoTests.xctest */;
			productType = "com.apple.product-type.bundle.unit-test";
		};
		86B5050425CA8E7E0013CBC0 /* BinDemoUITests */ = {
			isa = PBXNativeTarget;
			buildConfigurationList = 86B5051425CA8E7E0013CBC0 /* Build configuration list for PBXNativeTarget "BinDemoUITests" */;
			buildPhases = (
				BABA66B27E163E1386B29790 /* [CP] Check Pods Manifest.lock */,
				86B5050125CA8E7E0013CBC0 /* Sources */,
				86B5050225CA8E7E0013CBC0 /* Frameworks */,
				86B5050325CA8E7E0013CBC0 /* Resources */,
				6FF4EBC19B8BD639AAD57102 /* [CP] Embed Pods Frameworks */,
			);
			buildRules = (
			);
			dependencies = (
				86B5050725CA8E7E0013CBC0 /* PBXTargetDependency */,
			);
			name = BinDemoUITests;
			productName = BinDemoUITests;
			productReference = 86B5050525CA8E7E0013CBC0 /* BinDemoUITests.xctest */;
			productType = "com.apple.product-type.bundle.ui-testing";
		};
/* End PBXNativeTarget section */

/* Begin PBXProject section */
		86B504D725CA8E7B0013CBC0 /* Project object */ = {
			isa = PBXProject;
			attributes = {
				LastUpgradeCheck = 1230;
				TargetAttributes = {
					86B504DE25CA8E7B0013CBC0 = {
						CreatedOnToolsVersion = 12.3;
					};
					86B504F925CA8E7E0013CBC0 = {
						CreatedOnToolsVersion = 12.3;
						TestTargetID = 86B504DE25CA8E7B0013CBC0;
					};
					86B5050425CA8E7E0013CBC0 = {
						CreatedOnToolsVersion = 12.3;
						TestTargetID = 86B504DE25CA8E7B0013CBC0;
					};
				};
			};
			buildConfigurationList = 86B504DA25CA8E7B0013CBC0 /* Build configuration list for PBXProject "BinDemo" */;
			compatibilityVersion = "Xcode 9.3";
			developmentRegion = en;
			hasScannedForEncodings = 0;
			knownRegions = (
				en,
				Base,
			);
			mainGroup = 86B504D625CA8E7B0013CBC0;
			productRefGroup = 86B504E025CA8E7B0013CBC0 /* Products */;
			projectDirPath = "";
			projectRoot = "";
			targets = (
				86B504DE25CA8E7B0013CBC0 /* BinDemo */,
				86B504F925CA8E7E0013CBC0 /* BinDemoTests */,
				86B5050425CA8E7E0013CBC0 /* BinDemoUITests */,
			);
		};
/* End PBXProject section */

/* Begin PBXResourcesBuildPhase section */
		86B504DD25CA8E7B0013CBC0 /* Resources */ = {
			isa = PBXResourcesBuildPhase;
			buildActionMask = 2147483647;
			files = (
				86B504F225CA8E7D0013CBC0 /* LaunchScreen.storyboard in Resources */,
				86B504EF25CA8E7D0013CBC0 /* Assets.xcassets in Resources */,
				86B504ED25CA8E7B0013CBC0 /* Main.storyboard in Resources */,
			);
			runOnlyForDeploymentPostprocessing = 0;
		};
		86B504F825CA8E7E0013CBC0 /* Resources */ = {
			isa = PBXResourcesBuildPhase;
			buildActionMask = 2147483647;
			files = (
			);
			runOnlyForDeploymentPostprocessing = 0;
		};
		86B5050325CA8E7E0013CBC0 /* Resources */ = {
			isa = PBXResourcesBuildPhase;
			buildActionMask = 2147483647;
			files = (
			);
			runOnlyForDeploymentPostprocessing = 0;
		};
/* End PBXResourcesBuildPhase section */

/* Begin PBXShellScriptBuildPhase section */
		49F7FD26B2A2A7D79F6A7AD7 /* [CP] Check Pods Manifest.lock */ = {
			isa = PBXShellScriptBuildPhase;
			buildActionMask = 2147483647;
			files = (
			);
			inputFileListPaths = (
			);
			inputPaths = (
				"${PODS_PODFILE_DIR_PATH}/Podfile.lock",
				"${PODS_ROOT}/Manifest.lock",
			);
			name = "[CP] Check Pods Manifest.lock";
			outputFileListPaths = (
			);
			outputPaths = (
				"$(DERIVED_FILE_DIR)/Pods-BinDemo-checkManifestLockResult.txt",
			);
			runOnlyForDeploymentPostprocessing = 0;
			shellPath = /bin/sh;
			shellScript = "diff \"${PODS_PODFILE_DIR_PATH}/Podfile.lock\" \"${PODS_ROOT}/Manifest.lock\" > /dev/null\nif [ $? != 0 ] ; then\n    # print error to STDERR\n    echo \"error: The sandbox is not in sync with the Podfile.lock. Run 'pod install' or update your CocoaPods installation.\" >&2\n    exit 1\nfi\n# This output is used by Xcode 'outputs' to avoid re-running this script phase.\necho \"SUCCESS\" > \"${SCRIPT_OUTPUT_FILE_0}\"\n";
			showEnvVarsInLog = 0;
		};
		6FF4EBC19B8BD639AAD57102 /* [CP] Embed Pods Frameworks */ = {
			isa = PBXShellScriptBuildPhase;
			buildActionMask = 2147483647;
			files = (
			);
			inputFileListPaths = (
				"${PODS_ROOT}/Target Support Files/Pods-BinDemo-BinDemoUITests/Pods-BinDemo-BinDemoUITests-frameworks-${CONFIGURATION}-input-files.xcfilelist",
			);
			name = "[CP] Embed Pods Frameworks";
			outputFileListPaths = (
				"${PODS_ROOT}/Target Support Files/Pods-BinDemo-BinDemoUITests/Pods-BinDemo-BinDemoUITests-frameworks-${CONFIGURATION}-output-files.xcfilelist",
			);
			runOnlyForDeploymentPostprocessing = 0;
			shellPath = /bin/sh;
			shellScript = "\"${PODS_ROOT}/Target Support Files/Pods-BinDemo-BinDemoUITests/Pods-BinDemo-BinDemoUITests-frameworks.sh\"\n";
			showEnvVarsInLog = 0;
		};
		A2E51103EFD417ABDBD9C313 /* [CP] Check Pods Manifest.lock */ = {
			isa = PBXShellScriptBuildPhase;
			buildActionMask = 2147483647;
			files = (
			);
			inputFileListPaths = (
			);
			inputPaths = (
				"${PODS_PODFILE_DIR_PATH}/Podfile.lock",
				"${PODS_ROOT}/Manifest.lock",
			);
			name = "[CP] Check Pods Manifest.lock";
			outputFileListPaths = (
			);
			outputPaths = (
				"$(DERIVED_FILE_DIR)/Pods-BinDemoTests-checkManifestLockResult.txt",
			);
			runOnlyForDeploymentPostprocessing = 0;
			shellPath = /bin/sh;
			shellScript = "diff \"${PODS_PODFILE_DIR_PATH}/Podfile.lock\" \"${PODS_ROOT}/Manifest.lock\" > /dev/null\nif [ $? != 0 ] ; then\n    # print error to STDERR\n    echo \"error: The sandbox is not in sync with the Podfile.lock. Run 'pod install' or update your CocoaPods installation.\" >&2\n    exit 1\nfi\n# This output is used by Xcode 'outputs' to avoid re-running this script phase.\necho \"SUCCESS\" > \"${SCRIPT_OUTPUT_FILE_0}\"\n";
			showEnvVarsInLog = 0;
		};
		BABA66B27E163E1386B29790 /* [CP] Check Pods Manifest.lock */ = {
			isa = PBXShellScriptBuildPhase;
			buildActionMask = 2147483647;
			files = (
			);
			inputFileListPaths = (
			);
			inputPaths = (
				"${PODS_PODFILE_DIR_PATH}/Podfile.lock",
				"${PODS_ROOT}/Manifest.lock",
			);
			name = "[CP] Check Pods Manifest.lock";
			outputFileListPaths = (
			);
			outputPaths = (
				"$(DERIVED_FILE_DIR)/Pods-BinDemo-BinDemoUITests-checkManifestLockResult.txt",
			);
			runOnlyForDeploymentPostprocessing = 0;
			shellPath = /bin/sh;
			shellScript = "diff \"${PODS_PODFILE_DIR_PATH}/Podfile.lock\" \"${PODS_ROOT}/Manifest.lock\" > /dev/null\nif [ $? != 0 ] ; then\n    # print error to STDERR\n    echo \"error: The sandbox is not in sync with the Podfile.lock. Run 'pod install' or update your CocoaPods installation.\" >&2\n    exit 1\nfi\n# This output is used by Xcode 'outputs' to avoid re-running this script phase.\necho \"SUCCESS\" > \"${SCRIPT_OUTPUT_FILE_0}\"\n";
			showEnvVarsInLog = 0;
		};
		DCE3A6DBD97CEBD065F0581E /* [CP] Embed Pods Frameworks */ = {
			isa = PBXShellScriptBuildPhase;
			buildActionMask = 2147483647;
			files = (
			);
			inputFileListPaths = (
				"${PODS_ROOT}/Target Support Files/Pods-BinDemo/Pods-BinDemo-frameworks-${CONFIGURATION}-input-files.xcfilelist",
			);
			name = "[CP] Embed Pods Frameworks";
			outputFileListPaths = (
				"${PODS_ROOT}/Target Support Files/Pods-BinDemo/Pods-BinDemo-frameworks-${CONFIGURATION}-output-files.xcfilelist",
			);
			runOnlyForDeploymentPostprocessing = 0;
			shellPath = /bin/sh;
			shellScript = "\"${PODS_ROOT}/Target Support Files/Pods-BinDemo/Pods-BinDemo-frameworks.sh\"\n";
			showEnvVarsInLog = 0;
		};
/* End PBXShellScriptBuildPhase section */

/* Begin PBXSourcesBuildPhase section */
		86B504DB25CA8E7B0013CBC0 /* Sources */ = {
			isa = PBXSourcesBuildPhase;
			buildActionMask = 2147483647;
			files = (
				86B504EA25CA8E7B0013CBC0 /* ViewController.m in Sources */,
				86B504E425CA8E7B0013CBC0 /* AppDelegate.m in Sources */,
				86B504F525CA8E7D0013CBC0 /* main.m in Sources */,
				86B504E725CA8E7B0013CBC0 /* SceneDelegate.m in Sources */,
			);
			runOnlyForDeploymentPostprocessing = 0;
		};
		86B504F625CA8E7E0013CBC0 /* Sources */ = {
			isa = PBXSourcesBuildPhase;
			buildActionMask = 2147483647;
			files = (
				86B504FF25CA8E7E0013CBC0 /* BinDemoTests.m in Sources */,
			);
			runOnlyForDeploymentPostprocessing = 0;
		};
		86B5050125CA8E7E0013CBC0 /* Sources */ = {
			isa = PBXSourcesBuildPhase;
			buildActionMask = 2147483647;
			files = (
				86B5050A25CA8E7E0013CBC0 /* BinDemoUITests.m in Sources */,
			);
			runOnlyForDeploymentPostprocessing = 0;
		};
/* End PBXSourcesBuildPhase section */

/* Begin PBXTargetDependency section */
		86B504FC25CA8E7E0013CBC0 /* PBXTargetDependency */ = {
			isa = PBXTargetDependency;
			target = 86B504DE25CA8E7B0013CBC0 /* BinDemo */;
			targetProxy = 86B504FB25CA8E7E0013CBC0 /* PBXContainerItemProxy */;
		};
		86B5050725CA8E7E0013CBC0 /* PBXTargetDependency */ = {
			isa = PBXTargetDependency;
			target = 86B504DE25CA8E7B0013CBC0 /* BinDemo */;
			targetProxy = 86B5050625CA8E7E0013CBC0 /* PBXContainerItemProxy */;
		};
/* End PBXTargetDependency section */

/* Begin PBXVariantGroup section */
		86B504EB25CA8E7B0013CBC0 /* Main.storyboard */ = {
			isa = PBXVariantGroup;
			children = (
				86B504EC25CA8E7B0013CBC0 /* Base */,
			);
			name = Main.storyboard;
			sourceTree = "<group>";
		};
		86B504F025CA8E7D0013CBC0 /* LaunchScreen.storyboard */ = {
			isa = PBXVariantGroup;
			children = (
				86B504F125CA8E7D0013CBC0 /* Base */,
			);
			name = LaunchScreen.storyboard;
			sourceTree = "<group>";
		};
/* End PBXVariantGroup section */

/* Begin XCBuildConfiguration section */
		86B5050C25CA8E7E0013CBC0 /* Debug */ = {
			isa = XCBuildConfiguration;
			buildSettings = {
				ALWAYS_SEARCH_USER_PATHS = NO;
				CLANG_ANALYZER_NONNULL = YES;
				CLANG_ANALYZER_NUMBER_OBJECT_CONVERSION = YES_AGGRESSIVE;
				CLANG_CXX_LANGUAGE_STANDARD = "gnu++14";
				CLANG_CXX_LIBRARY = "libc++";
				CLANG_ENABLE_MODULES = YES;
				CLANG_ENABLE_OBJC_ARC = YES;
				CLANG_ENABLE_OBJC_WEAK = YES;
				CLANG_WARN_BLOCK_CAPTURE_AUTORELEASING = YES;
				CLANG_WARN_BOOL_CONVERSION = YES;
				CLANG_WARN_COMMA = YES;
				CLANG_WARN_CONSTANT_CONVERSION = YES;
				CLANG_WARN_DEPRECATED_OBJC_IMPLEMENTATIONS = YES;
				CLANG_WARN_DIRECT_OBJC_ISA_USAGE = YES_ERROR;
				CLANG_WARN_DOCUMENTATION_COMMENTS = YES;
				CLANG_WARN_EMPTY_BODY = YES;
				CLANG_WARN_ENUM_CONVERSION = YES;
				CLANG_WARN_INFINITE_RECURSION = YES;
				CLANG_WARN_INT_CONVERSION = YES;
				CLANG_WARN_NON_LITERAL_NULL_CONVERSION = YES;
				CLANG_WARN_OBJC_IMPLICIT_RETAIN_SELF = YES;
				CLANG_WARN_OBJC_LITERAL_CONVERSION = YES;
				CLANG_WARN_OBJC_ROOT_CLASS = YES_ERROR;
				CLANG_WARN_QUOTED_INCLUDE_IN_FRAMEWORK_HEADER = YES;
				CLANG_WARN_RANGE_LOOP_ANALYSIS = YES;
				CLANG_WARN_STRICT_PROTOTYPES = YES;
				CLANG_WARN_SUSPICIOUS_MOVE = YES;
				CLANG_WARN_UNGUARDED_AVAILABILITY = YES_AGGRESSIVE;
				CLANG_WARN_UNREACHABLE_CODE = YES;
				CLANG_WARN__DUPLICATE_METHOD_MATCH = YES;
				COPY_PHASE_STRIP = NO;
				DEBUG_INFORMATION_FORMAT = dwarf;
				ENABLE_STRICT_OBJC_MSGSEND = YES;
				ENABLE_TESTABILITY = YES;
				GCC_C_LANGUAGE_STANDARD = gnu11;
				GCC_DYNAMIC_NO_PIC = NO;
				GCC_NO_COMMON_BLOCKS = YES;
				GCC_OPTIMIZATION_LEVEL = 0;
				GCC_PREPROCESSOR_DEFINITIONS = (
					"DEBUG=1",
					"$(inherited)",
				);
				GCC_WARN_64_TO_32_BIT_CONVERSION = YES;
				GCC_WARN_ABOUT_RETURN_TYPE = YES_ERROR;
				GCC_WARN_UNDECLARED_SELECTOR = YES;
				GCC_WARN_UNINITIALIZED_AUTOS = YES_AGGRESSIVE;
				GCC_WARN_UNUSED_FUNCTION = YES;
				GCC_WARN_UNUSED_VARIABLE = YES;
				IPHONEOS_DEPLOYMENT_TARGET = 14.3;
				MTL_ENABLE_DEBUG_INFO = INCLUDE_SOURCE;
				MTL_FAST_MATH = YES;
				ONLY_ACTIVE_ARCH = YES;
				SDKROOT = iphoneos;
			};
			name = Debug;
		};
		86B5050D25CA8E7E0013CBC0 /* Release */ = {
			isa = XCBuildConfiguration;
			buildSettings = {
				ALWAYS_SEARCH_USER_PATHS = NO;
				CLANG_ANALYZER_NONNULL = YES;
				CLANG_ANALYZER_NUMBER_OBJECT_CONVERSION = YES_AGGRESSIVE;
				CLANG_CXX_LANGUAGE_STANDARD = "gnu++14";
				CLANG_CXX_LIBRARY = "libc++";
				CLANG_ENABLE_MODULES = YES;
				CLANG_ENABLE_OBJC_ARC = YES;
				CLANG_ENABLE_OBJC_WEAK = YES;
				CLANG_WARN_BLOCK_CAPTURE_AUTORELEASING = YES;
				CLANG_WARN_BOOL_CONVERSION = YES;
				CLANG_WARN_COMMA = YES;
				CLANG_WARN_CONSTANT_CONVERSION = YES;
				CLANG_WARN_DEPRECATED_OBJC_IMPLEMENTATIONS = YES;
				CLANG_WARN_DIRECT_OBJC_ISA_USAGE = YES_ERROR;
				CLANG_WARN_DOCUMENTATION_COMMENTS = YES;
				CLANG_WARN_EMPTY_BODY = YES;
				CLANG_WARN_ENUM_CONVERSION = YES;
				CLANG_WARN_INFINITE_RECURSION = YES;
				CLANG_WARN_INT_CONVERSION = YES;
				CLANG_WARN_NON_LITERAL_NULL_CONVERSION = YES;
				CLANG_WARN_OBJC_IMPLICIT_RETAIN_SELF = YES;
				CLANG_WARN_OBJC_LITERAL_CONVERSION = YES;
				CLANG_WARN_OBJC_ROOT_CLASS = YES_ERROR;
				CLANG_WARN_QUOTED_INCLUDE_IN_FRAMEWORK_HEADER = YES;
				CLANG_WARN_RANGE_LOOP_ANALYSIS = YES;
				CLANG_WARN_STRICT_PROTOTYPES = YES;
				CLANG_WARN_SUSPICIOUS_MOVE = YES;
				CLANG_WARN_UNGUARDED_AVAILABILITY = YES_AGGRESSIVE;
				CLANG_WARN_UNREACHABLE_CODE = YES;
				CLANG_WARN__DUPLICATE_METHOD_MATCH = YES;
				COPY_PHASE_STRIP = NO;
				DEBUG_INFORMATION_FORMAT = "dwarf-with-dsym";
				ENABLE_NS_ASSERTIONS = NO;
				ENABLE_STRICT_OBJC_MSGSEND = YES;
				GCC_C_LANGUAGE_STANDARD = gnu11;
				GCC_NO_COMMON_BLOCKS = YES;
				GCC_WARN_64_TO_32_BIT_CONVERSION = YES;
				GCC_WARN_ABOUT_RETURN_TYPE = YES_ERROR;
				GCC_WARN_UNDECLARED_SELECTOR = YES;
				GCC_WARN_UNINITIALIZED_AUTOS = YES_AGGRESSIVE;
				GCC_WARN_UNUSED_FUNCTION = YES;
				GCC_WARN_UNUSED_VARIABLE = YES;
				IPHONEOS_DEPLOYMENT_TARGET = 14.3;
				MTL_ENABLE_DEBUG_INFO = NO;
				MTL_FAST_MATH = YES;
				SDKROOT = iphoneos;
				VALIDATE_PRODUCT = YES;
			};
			name = Release;
		};
		86B5050F25CA8E7E0013CBC0 /* Debug */ = {
			isa = XCBuildConfiguration;
			baseConfigurationReference = D179DB2EB4EB74CF1D977B4D /* Pods-BinDemo.debug.xcconfig */;
			buildSettings = {
				ASSETCATALOG_COMPILER_APPICON_NAME = AppIcon;
				ASSETCATALOG_COMPILER_GLOBAL_ACCENT_COLOR_NAME = AccentColor;
				CODE_SIGN_STYLE = Automatic;
				DEVELOPMENT_TEAM = BNYA2F4B6K;
				INFOPLIST_FILE = BinDemo/Info.plist;
				LD_RUNPATH_SEARCH_PATHS = (
					"$(inherited)",
					"@executable_path/Frameworks",
				);
				PRODUCT_BUNDLE_IDENTIFIER = com.haixue.BinDemo;
				PRODUCT_NAME = "$(TARGET_NAME)";
				TARGETED_DEVICE_FAMILY = "1,2";
			};
			name = Debug;
		};
		86B5051025CA8E7E0013CBC0 /* Release */ = {
			isa = XCBuildConfiguration;
			baseConfigurationReference = 92D52BF72EE75D2E0946480C /* Pods-BinDemo.release.xcconfig */;
			buildSettings = {
				ASSETCATALOG_COMPILER_APPICON_NAME = AppIcon;
				ASSETCATALOG_COMPILER_GLOBAL_ACCENT_COLOR_NAME = AccentColor;
				CODE_SIGN_STYLE = Automatic;
				DEVELOPMENT_TEAM = BNYA2F4B6K;
				INFOPLIST_FILE = BinDemo/Info.plist;
				LD_RUNPATH_SEARCH_PATHS = (
					"$(inherited)",
					"@executable_path/Frameworks",
				);
				PRODUCT_BUNDLE_IDENTIFIER = com.haixue.BinDemo;
				PRODUCT_NAME = "$(TARGET_NAME)";
				TARGETED_DEVICE_FAMILY = "1,2";
			};
			name = Release;
		};
		86B5051225CA8E7E0013CBC0 /* Debug */ = {
			isa = XCBuildConfiguration;
			baseConfigurationReference = DEA02417103BEC3B2EE781C1 /* Pods-BinDemoTests.debug.xcconfig */;
			buildSettings = {
				BUNDLE_LOADER = "$(TEST_HOST)";
				CODE_SIGN_STYLE = Automatic;
				DEVELOPMENT_TEAM = BNYA2F4B6K;
				INFOPLIST_FILE = BinDemoTests/Info.plist;
				IPHONEOS_DEPLOYMENT_TARGET = 14.3;
				LD_RUNPATH_SEARCH_PATHS = (
					"$(inherited)",
					"@executable_path/Frameworks",
					"@loader_path/Frameworks",
				);
				PRODUCT_BUNDLE_IDENTIFIER = com.haixue.BinDemoTests;
				PRODUCT_NAME = "$(TARGET_NAME)";
				TARGETED_DEVICE_FAMILY = "1,2";
				TEST_HOST = "$(BUILT_PRODUCTS_DIR)/BinDemo.app/BinDemo";
			};
			name = Debug;
		};
		86B5051325CA8E7E0013CBC0 /* Release */ = {
			isa = XCBuildConfiguration;
			baseConfigurationReference = 1845336F3648F2FCBB4C0234 /* Pods-BinDemoTests.release.xcconfig */;
			buildSettings = {
				BUNDLE_LOADER = "$(TEST_HOST)";
				CODE_SIGN_STYLE = Automatic;
				DEVELOPMENT_TEAM = BNYA2F4B6K;
				INFOPLIST_FILE = BinDemoTests/Info.plist;
				IPHONEOS_DEPLOYMENT_TARGET = 14.3;
				LD_RUNPATH_SEARCH_PATHS = (
					"$(inherited)",
					"@executable_path/Frameworks",
					"@loader_path/Frameworks",
				);
				PRODUCT_BUNDLE_IDENTIFIER = com.haixue.BinDemoTests;
				PRODUCT_NAME = "$(TARGET_NAME)";
				TARGETED_DEVICE_FAMILY = "1,2";
				TEST_HOST = "$(BUILT_PRODUCTS_DIR)/BinDemo.app/BinDemo";
			};
			name = Release;
		};
		86B5051525CA8E7E0013CBC0 /* Debug */ = {
			isa = XCBuildConfiguration;
			baseConfigurationReference = 7F807D77681A9A63BD900720 /* Pods-BinDemo-BinDemoUITests.debug.xcconfig */;
			buildSettings = {
				CODE_SIGN_STYLE = Automatic;
				DEVELOPMENT_TEAM = BNYA2F4B6K;
				INFOPLIST_FILE = BinDemoUITests/Info.plist;
				LD_RUNPATH_SEARCH_PATHS = (
					"$(inherited)",
					"@executable_path/Frameworks",
					"@loader_path/Frameworks",
				);
				PRODUCT_BUNDLE_IDENTIFIER = com.haixue.BinDemoUITests;
				PRODUCT_NAME = "$(TARGET_NAME)";
				TARGETED_DEVICE_FAMILY = "1,2";
				TEST_TARGET_NAME = BinDemo;
			};
			name = Debug;
		};
		86B5051625CA8E7E0013CBC0 /* Release */ = {
			isa = XCBuildConfiguration;
			baseConfigurationReference = 683DADD1484CE8246BDE6470 /* Pods-BinDemo-BinDemoUITests.release.xcconfig */;
			buildSettings = {
				CODE_SIGN_STYLE = Automatic;
				DEVELOPMENT_TEAM = BNYA2F4B6K;
				INFOPLIST_FILE = BinDemoUITests/Info.plist;
				LD_RUNPATH_SEARCH_PATHS = (
					"$(inherited)",
					"@executable_path/Frameworks",
					"@loader_path/Frameworks",
				);
				PRODUCT_BUNDLE_IDENTIFIER = com.haixue.BinDemoUITests;
				PRODUCT_NAME = "$(TARGET_NAME)";
				TARGETED_DEVICE_FAMILY = "1,2";
				TEST_TARGET_NAME = BinDemo;
			};
			name = Release;
		};
/* End XCBuildConfiguration section */

/* Begin XCConfigurationList section */
		86B504DA25CA8E7B0013CBC0 /* Build configuration list for PBXProject "BinDemo" */ = {
			isa = XCConfigurationList;
			buildConfigurations = (
				86B5050C25CA8E7E0013CBC0 /* Debug */,
				86B5050D25CA8E7E0013CBC0 /* Release */,
			);
			defaultConfigurationIsVisible = 0;
			defaultConfigurationName = Release;
		};
		86B5050E25CA8E7E0013CBC0 /* Build configuration list for PBXNativeTarget "BinDemo" */ = {
			isa = XCConfigurationList;
			buildConfigurations = (
				86B5050F25CA8E7E0013CBC0 /* Debug */,
				86B5051025CA8E7E0013CBC0 /* Release */,
			);
			defaultConfigurationIsVisible = 0;
			defaultConfigurationName = Release;
		};
		86B5051125CA8E7E0013CBC0 /* Build configuration list for PBXNativeTarget "BinDemoTests" */ = {
			isa = XCConfigurationList;
			buildConfigurations = (
				86B5051225CA8E7E0013CBC0 /* Debug */,
				86B5051325CA8E7E0013CBC0 /* Release */,
			);
			defaultConfigurationIsVisible = 0;
			defaultConfigurationName = Release;
		};
		86B5051425CA8E7E0013CBC0 /* Build configuration list for PBXNativeTarget "BinDemoUITests" */ = {
			isa = XCConfigurationList;
			buildConfigurations = (
				86B5051525CA8E7E0013CBC0 /* Debug */,
				86B5051625CA8E7E0013CBC0 /* Release */,
			);
			defaultConfigurationIsVisible = 0;
			defaultConfigurationName = Release;
		};
/* End XCConfigurationList section */
	};
	rootObject = 86B504D725CA8E7B0013CBC0 /* Project object */;
}
